// !$*UTF8*$!
{
	archiveVersion = 1;
	classes = {
	};
	objectVersion = 48;
	objects = {

/* Begin PBXBuildFile section */
		09E4CD9A2024B921008C0DCD /* AppDelegate.swift in Sources */ = {isa = PBXBuildFile; fileRef = 09E4CD992024B921008C0DCD /* AppDelegate.swift */; };
		09E4CDA12024B921008C0DCD /* Assets.xcassets in Resources */ = {isa = PBXBuildFile; fileRef = 09E4CDA02024B921008C0DCD /* Assets.xcassets */; };
		09E4CDA42024B921008C0DCD /* LaunchScreen.storyboard in Resources */ = {isa = PBXBuildFile; fileRef = 09E4CDA22024B921008C0DCD /* LaunchScreen.storyboard */; };
		09E4CDAE2024B953008C0DCD /* Factura.swift in Sources */ = {isa = PBXBuildFile; fileRef = 09E4CDAD2024B953008C0DCD /* Factura.swift */; };
		09E4CDB22024BE57008C0DCD /* BBDD.swift in Sources */ = {isa = PBXBuildFile; fileRef = 09E4CDB12024BE57008C0DCD /* BBDD.swift */; };
		09E4CDB42024C7EE008C0DCD /* Main.storyboard in Resources */ = {isa = PBXBuildFile; fileRef = 09E4CDB32024C7EE008C0DCD /* Main.storyboard */; };
		09E4CDB62024C871008C0DCD /* ListadoFacturasTableViewController.swift in Sources */ = {isa = PBXBuildFile; fileRef = 09E4CDB52024C871008C0DCD /* ListadoFacturasTableViewController.swift */; };
		09E4CDB82024C8F4008C0DCD /* EditarFacturaTableViewController.swift in Sources */ = {isa = PBXBuildFile; fileRef = 09E4CDB72024C8F4008C0DCD /* EditarFacturaTableViewController.swift */; };
		09E4CDBA2024C911008C0DCD /* DetalleFacturaViewController.swift in Sources */ = {isa = PBXBuildFile; fileRef = 09E4CDB92024C911008C0DCD /* DetalleFacturaViewController.swift */; };
		09E4CDBC2024C95C008C0DCD /* ConceptoCell.swift in Sources */ = {isa = PBXBuildFile; fileRef = 09E4CDBB2024C95C008C0DCD /* ConceptoCell.swift */; };
		17DF33CB2026159100BA7277 /* EditarFacturaDelegate.swift in Sources */ = {isa = PBXBuildFile; fileRef = 17DF33CA2026159100BA7277 /* EditarFacturaDelegate.swift */; };
/* End PBXBuildFile section */

/* Begin PBXFileReference section */
		09E4CD962024B921008C0DCD /* CoreContableSwift.app */ = {isa = PBXFileReference; explicitFileType = wrapper.application; includeInIndex = 0; path = CoreContableSwift.app; sourceTree = BUILT_PRODUCTS_DIR; };
		09E4CD992024B921008C0DCD /* AppDelegate.swift */ = {isa = PBXFileReference; lastKnownFileType = sourcecode.swift; path = AppDelegate.swift; sourceTree = "<group>"; };
		09E4CDA02024B921008C0DCD /* Assets.xcassets */ = {isa = PBXFileReference; lastKnownFileType = folder.assetcatalog; path = Assets.xcassets; sourceTree = "<group>"; };
		09E4CDA32024B921008C0DCD /* Base */ = {isa = PBXFileReference; lastKnownFileType = file.storyboard; name = Base; path = Base.lproj/LaunchScreen.storyboard; sourceTree = "<group>"; };
		09E4CDA52024B921008C0DCD /* Info.plist */ = {isa = PBXFileReference; lastKnownFileType = text.plist.xml; path = Info.plist; sourceTree = "<group>"; };
		09E4CDAD2024B953008C0DCD /* Factura.swift */ = {isa = PBXFileReference; lastKnownFileType = sourcecode.swift; path = Factura.swift; sourceTree = "<group>"; };
		09E4CDB12024BE57008C0DCD /* BBDD.swift */ = {isa = PBXFileReference; lastKnownFileType = sourcecode.swift; path = BBDD.swift; sourceTree = "<group>"; };
		09E4CDB32024C7EE008C0DCD /* Main.storyboard */ = {isa = PBXFileReference; fileEncoding = 4; lastKnownFileType = file.storyboard; path = Main.storyboard; sourceTree = "<group>"; };
		09E4CDB52024C871008C0DCD /* ListadoFacturasTableViewController.swift */ = {isa = PBXFileReference; lastKnownFileType = sourcecode.swift; path = ListadoFacturasTableViewController.swift; sourceTree = "<group>"; };
		09E4CDB72024C8F4008C0DCD /* EditarFacturaTableViewController.swift */ = {isa = PBXFileReference; lastKnownFileType = sourcecode.swift; path = EditarFacturaTableViewController.swift; sourceTree = "<group>"; };
		09E4CDB92024C911008C0DCD /* DetalleFacturaViewController.swift */ = {isa = PBXFileReference; lastKnownFileType = sourcecode.swift; path = DetalleFacturaViewController.swift; sourceTree = "<group>"; };
		09E4CDBB2024C95C008C0DCD /* ConceptoCell.swift */ = {isa = PBXFileReference; lastKnownFileType = sourcecode.swift; path = ConceptoCell.swift; sourceTree = "<group>"; };
		17DF33CA2026159100BA7277 /* EditarFacturaDelegate.swift */ = {isa = PBXFileReference; lastKnownFileType = sourcecode.swift; path = EditarFacturaDelegate.swift; sourceTree = "<group>"; };
/* End PBXFileReference section */

/* Begin PBXFrameworksBuildPhase section */
		09E4CD932024B921008C0DCD /* Frameworks */ = {
			isa = PBXFrameworksBuildPhase;
			buildActionMask = 2147483647;
			files = (
			);
			runOnlyForDeploymentPostprocessing = 0;
		};
/* End PBXFrameworksBuildPhase section */

/* Begin PBXGroup section */
		09E4CD8D2024B921008C0DCD = {
			isa = PBXGroup;
			children = (
				09E4CD982024B921008C0DCD /* CoreContableSwift */,
				09E4CD972024B921008C0DCD /* Products */,
			);
			sourceTree = "<group>";
		};
		09E4CD972024B921008C0DCD /* Products */ = {
			isa = PBXGroup;
			children = (
				09E4CD962024B921008C0DCD /* CoreContableSwift.app */,
			);
			name = Products;
			sourceTree = "<group>";
		};
		09E4CD982024B921008C0DCD /* CoreContableSwift */ = {
			isa = PBXGroup;
			children = (
				09E4CDAC2024B940008C0DCD /* CONTROLADOR */,
				09E4CDAB2024B92E008C0DCD /* MODELO */,
				09E4CD992024B921008C0DCD /* AppDelegate.swift */,
				09E4CDB32024C7EE008C0DCD /* Main.storyboard */,
				09E4CDA02024B921008C0DCD /* Assets.xcassets */,
				09E4CDA22024B921008C0DCD /* LaunchScreen.storyboard */,
				09E4CDA52024B921008C0DCD /* Info.plist */,
			);
			path = CoreContableSwift;
			sourceTree = "<group>";
		};
		09E4CDAB2024B92E008C0DCD /* MODELO */ = {
			isa = PBXGroup;
			children = (
				09E4CDAD2024B953008C0DCD /* Factura.swift */,
				09E4CDB12024BE57008C0DCD /* BBDD.swift */,
			);
			path = MODELO;
			sourceTree = "<group>";
		};
		09E4CDAC2024B940008C0DCD /* CONTROLADOR */ = {
			isa = PBXGroup;
			children = (
				09E4CDB52024C871008C0DCD /* ListadoFacturasTableViewController.swift */,
				09E4CDB72024C8F4008C0DCD /* EditarFacturaTableViewController.swift */,
				09E4CDB92024C911008C0DCD /* DetalleFacturaViewController.swift */,
				09E4CDBB2024C95C008C0DCD /* ConceptoCell.swift */,
				17DF33CA2026159100BA7277 /* EditarFacturaDelegate.swift */,
			);
			path = CONTROLADOR;
			sourceTree = "<group>";
		};
/* End PBXGroup section */

/* Begin PBXNativeTarget section */
		09E4CD952024B921008C0DCD /* CoreContableSwift */ = {
			isa = PBXNativeTarget;
			buildConfigurationList = 09E4CDA82024B921008C0DCD /* Build configuration list for PBXNativeTarget "CoreContableSwift" */;
			buildPhases = (
				09E4CD922024B921008C0DCD /* Sources */,
				09E4CD932024B921008C0DCD /* Frameworks */,
				09E4CD942024B921008C0DCD /* Resources */,
			);
			buildRules = (
			);
			dependencies = (
			);
			name = CoreContableSwift;
			productName = CoreContableSwift;
			productReference = 09E4CD962024B921008C0DCD /* CoreContableSwift.app */;
			productType = "com.apple.product-type.application";
		};
/* End PBXNativeTarget section */

/* Begin PBXProject section */
		09E4CD8E2024B921008C0DCD /* Project object */ = {
			isa = PBXProject;
			attributes = {
				LastSwiftUpdateCheck = 0920;
				LastUpgradeCheck = 0920;
				ORGANIZATIONNAME = TATINC;
				TargetAttributes = {
					09E4CD952024B921008C0DCD = {
						CreatedOnToolsVersion = 9.2;
						ProvisioningStyle = Automatic;
					};
				};
			};
			buildConfigurationList = 09E4CD912024B921008C0DCD /* Build configuration list for PBXProject "CoreContableSwift" */;
			compatibilityVersion = "Xcode 8.0";
			developmentRegion = en;
			hasScannedForEncodings = 0;
			knownRegions = (
				en,
				Base,
			);
			mainGroup = 09E4CD8D2024B921008C0DCD;
			productRefGroup = 09E4CD972024B921008C0DCD /* Products */;
			projectDirPath = "";
			projectRoot = "";
			targets = (
				09E4CD952024B921008C0DCD /* CoreContableSwift */,
			);
		};
/* End PBXProject section */

/* Begin PBXResourcesBuildPhase section */
		09E4CD942024B921008C0DCD /* Resources */ = {
			isa = PBXResourcesBuildPhase;
			buildActionMask = 2147483647;
			files = (
				09E4CDA42024B921008C0DCD /* LaunchScreen.storyboard in Resources */,
				09E4CDA12024B921008C0DCD /* Assets.xcassets in Resources */,
				09E4CDB42024C7EE008C0DCD /* Main.storyboard in Resources */,
			);
			runOnlyForDeploymentPostprocessing = 0;
		};
/* End PBXResourcesBuildPhase section */

/* Begin PBXSourcesBuildPhase section */
		09E4CD922024B921008C0DCD /* Sources */ = {
			isa = PBXSourcesBuildPhase;
			buildActionMask = 2147483647;
			files = (
				17DF33CB2026159100BA7277 /* EditarFacturaDelegate.swift in Sources */,
				09E4CDBC2024C95C008C0DCD /* ConceptoCell.swift in Sources */,
				09E4CDB62024C871008C0DCD /* ListadoFacturasTableViewController.swift in Sources */,
				09E4CDBA2024C911008C0DCD /* DetalleFacturaViewController.swift in Sources */,
				09E4CDB22024BE57008C0DCD /* BBDD.swift in Sources */,
				09E4CD9A2024B921008C0DCD /* AppDelegate.swift in Sources */,
				09E4CDAE2024B953008C0DCD /* Factura.swift in Sources */,
				09E4CDB82024C8F4008C0DCD /* EditarFacturaTableViewController.swift in Sources */,
			);
			runOnlyForDeploymentPostprocessing = 0;
		};
/* End PBXSourcesBuildPhase section */

/* Begin PBXVariantGroup section */
		09E4CDA22024B921008C0DCD /* LaunchScreen.storyboard */ = {
			isa = PBXVariantGroup;
			children = (
				09E4CDA32024B921008C0DCD /* Base */,
			);
			name = LaunchScreen.storyboard;
			sourceTree = "<group>";
		};
/* End PBXVariantGroup section */

/* Begin XCBuildConfiguration section */
		09E4CDA62024B921008C0DCD /* Debug */ = {
			isa = XCBuildConfiguration;
			buildSettings = {
				ALWAYS_SEARCH_USER_PATHS = NO;
				CLANG_ANALYZER_NONNULL = YES;
				CLANG_ANALYZER_NUMBER_OBJECT_CONVERSION = YES_AGGRESSIVE;
				CLANG_CXX_LANGUAGE_STANDARD = "gnu++14";
				CLANG_CXX_LIBRARY = "libc++";
				CLANG_ENABLE_MODULES = YES;
				CLANG_ENABLE_OBJC_ARC = YES;
				CLANG_WARN_BLOCK_CAPTURE_AUTORELEASING = YES;
				CLANG_WARN_BOOL_CONVERSION = YES;
				CLANG_WARN_COMMA = YES;
				CLANG_WARN_CONSTANT_CONVERSION = YES;
				CLANG_WARN_DIRECT_OBJC_ISA_USAGE = YES_ERROR;
				CLANG_WARN_DOCUMENTATION_COMMENTS = YES;
				CLANG_WARN_EMPTY_BODY = YES;
				CLANG_WARN_ENUM_CONVERSION = YES;
				CLANG_WARN_INFINITE_RECURSION = YES;
				CLANG_WARN_INT_CONVERSION = YES;
				CLANG_WARN_NON_LITERAL_NULL_CONVERSION = YES;
				CLANG_WARN_OBJC_LITERAL_CONVERSION = YES;
				CLANG_WARN_OBJC_ROOT_CLASS = YES_ERROR;
				CLANG_WARN_RANGE_LOOP_ANALYSIS = YES;
				CLANG_WARN_STRICT_PROTOTYPES = YES;
				CLANG_WARN_SUSPICIOUS_MOVE = YES;
				CLANG_WARN_UNGUARDED_AVAILABILITY = YES_AGGRESSIVE;
				CLANG_WARN_UNREACHABLE_CODE = YES;
				CLANG_WARN__DUPLICATE_METHOD_MATCH = YES;
				CODE_SIGN_IDENTITY = "iPhone Developer";
				COPY_PHASE_STRIP = NO;
				DEBUG_INFORMATION_FORMAT = dwarf;
				ENABLE_STRICT_OBJC_MSGSEND = YES;
				ENABLE_TESTABILITY = YES;
				GCC_C_LANGUAGE_STANDARD = gnu11;
				GCC_DYNAMIC_NO_PIC = NO;
				GCC_NO_COMMON_BLOCKS = YES;
				GCC_OPTIMIZATION_LEVEL = 0;
				GCC_PREPROCESSOR_DEFINITIONS = (
					"DEBUG=1",
					"$(inherited)",
				);
				GCC_WARN_64_TO_32_BIT_CONVERSION = YES;
				GCC_WARN_ABOUT_RETURN_TYPE = YES_ERROR;
				GCC_WARN_UNDECLARED_SELECTOR = YES;
				GCC_WARN_UNINITIALIZED_AUTOS = YES_AGGRESSIVE;
				GCC_WARN_UNUSED_FUNCTION = YES;
				GCC_WARN_UNUSED_VARIABLE = YES;
				IPHONEOS_DEPLOYMENT_TARGET = 11.2;
				MTL_ENABLE_DEBUG_INFO = YES;
				ONLY_ACTIVE_ARCH = YES;
				SDKROOT = iphoneos;
				SWIFT_ACTIVE_COMPILATION_CONDITIONS = DEBUG;
				SWIFT_OPTIMIZATION_LEVEL = "-Onone";
			};
			name = Debug;
		};
		09E4CDA72024B921008C0DCD /* Release */ = {
			isa = XCBuildConfiguration;
			buildSettings = {
				ALWAYS_SEARCH_USER_PATHS = NO;
				CLANG_ANALYZER_NONNULL = YES;
				CLANG_ANALYZER_NUMBER_OBJECT_CONVERSION = YES_AGGRESSIVE;
				CLANG_CXX_LANGUAGE_STANDARD = "gnu++14";
				CLANG_CXX_LIBRARY = "libc++";
				CLANG_ENABLE_MODULES = YES;
				CLANG_ENABLE_OBJC_ARC = YES;
				CLANG_WARN_BLOCK_CAPTURE_AUTORELEASING = YES;
				CLANG_WARN_BOOL_CONVERSION = YES;
				CLANG_WARN_COMMA = YES;
				CLANG_WARN_CONSTANT_CONVERSION = YES;
				CLANG_WARN_DIRECT_OBJC_ISA_USAGE = YES_ERROR;
				CLANG_WARN_DOCUMENTATION_COMMENTS = YES;
				CLANG_WARN_EMPTY_BODY = YES;
				CLANG_WARN_ENUM_CONVERSION = YES;
				CLANG_WARN_INFINITE_RECURSION = YES;
				CLANG_WARN_INT_CONVERSION = YES;
				CLANG_WARN_NON_LITERAL_NULL_CONVERSION = YES;
				CLANG_WARN_OBJC_LITERAL_CONVERSION = YES;
				CLANG_WARN_OBJC_ROOT_CLASS = YES_ERROR;
				CLANG_WARN_RANGE_LOOP_ANALYSIS = YES;
				CLANG_WARN_STRICT_PROTOTYPES = YES;
				CLANG_WARN_SUSPICIOUS_MOVE = YES;
				CLANG_WARN_UNGUARDED_AVAILABILITY = YES_AGGRESSIVE;
				CLANG_WARN_UNREACHABLE_CODE = YES;
				CLANG_WARN__DUPLICATE_METHOD_MATCH = YES;
				CODE_SIGN_IDENTITY = "iPhone Developer";
				COPY_PHASE_STRIP = NO;
				DEBUG_INFORMATION_FORMAT = "dwarf-with-dsym";
				ENABLE_NS_ASSERTIONS = NO;
				ENABLE_STRICT_OBJC_MSGSEND = YES;
				GCC_C_LANGUAGE_STANDARD = gnu11;
				GCC_NO_COMMON_BLOCKS = YES;
				GCC_WARN_64_TO_32_BIT_CONVERSION = YES;
				GCC_WARN_ABOUT_RETURN_TYPE = YES_ERROR;
				GCC_WARN_UNDECLARED_SELECTOR = YES;
				GCC_WARN_UNINITIALIZED_AUTOS = YES_AGGRESSIVE;
				GCC_WARN_UNUSED_FUNCTION = YES;
				GCC_WARN_UNUSED_VARIABLE = YES;
				IPHONEOS_DEPLOYMENT_TARGET = 11.2;
				MTL_ENABLE_DEBUG_INFO = NO;
				SDKROOT = iphoneos;
				SWIFT_OPTIMIZATION_LEVEL = "-Owholemodule";
				VALIDATE_PRODUCT = YES;
			};
			name = Release;
		};
		09E4CDA92024B921008C0DCD /* Debug */ = {
			isa = XCBuildConfiguration;
			buildSettings = {
				ASSETCATALOG_COMPILER_APPICON_NAME = AppIcon;
				CODE_SIGN_STYLE = Automatic;
				INFOPLIST_FILE = CoreContableSwift/Info.plist;
				LD_RUNPATH_SEARCH_PATHS = "$(inherited) @executable_path/Frameworks";
				PRODUCT_BUNDLE_IDENTIFIER = com.TATINC.CoreContableSwift;
				PRODUCT_NAME = "$(TARGET_NAME)";
				SWIFT_VERSION = 4.0;
				TARGETED_DEVICE_FAMILY = "1,2";
			};
			name = Debug;
		};
		09E4CDAA2024B921008C0DCD /* Release */ = {
			isa = XCBuildConfiguration;
			buildSettings = {
				ASSETCATALOG_COMPILER_APPICON_NAME = AppIcon;
				CODE_SIGN_STYLE = Automatic;
				INFOPLIST_FILE = CoreContableSwift/Info.plist;
				LD_RUNPATH_SEARCH_PATHS = "$(inherited) @executable_path/Frameworks";
				PRODUCT_BUNDLE_IDENTIFIER = com.TATINC.CoreContableSwift;
				PRODUCT_NAME = "$(TARGET_NAME)";
				SWIFT_VERSION = 4.0;
				TARGETED_DEVICE_FAMILY = "1,2";
			};
			name = Release;
		};
/* End XCBuildConfiguration section */

/* Begin XCConfigurationList section */
		09E4CD912024B921008C0DCD /* Build configuration list for PBXProject "CoreContableSwift" */ = {
			isa = XCConfigurationList;
			buildConfigurations = (
				09E4CDA62024B921008C0DCD /* Debug */,
				09E4CDA72024B921008C0DCD /* Release */,
			);
			defaultConfigurationIsVisible = 0;
			defaultConfigurationName = Release;
		};
		09E4CDA82024B921008C0DCD /* Build configuration list for PBXNativeTarget "CoreContableSwift" */ = {
			isa = XCConfigurationList;
			buildConfigurations = (
				09E4CDA92024B921008C0DCD /* Debug */,
				09E4CDAA2024B921008C0DCD /* Release */,
			);
			defaultConfigurationIsVisible = 0;
			defaultConfigurationName = Release;
		};
/* End XCConfigurationList section */
	};
	rootObject = 09E4CD8E2024B921008C0DCD /* Project object */;
}
